
Microsoft Visual Studio Solution File, Format Version 12.00
# Visual Studio 2013
VisualStudioVersion = 12.0.30501.0
MinimumVisualStudioVersion = 10.0.40219.1
Project("{8BC9CEB8-8B4A-11D0-8D11-00A0C91BC942}") = "dpiSwitch", "dpiSwitch\dpiSwitch.vcxproj", "{0B3B87B0-6D0B-444D-A8EE-B448373F10A2}"
EndProject
Project("{8BC9CEB8-8B4A-11D0-8D11-00A0C91BC942}") = "UnitTest", "UnitTest\UnitTest.vcxproj", "{ADEA876D-ED69-4359-9C8B-24399967814B}"
	ProjectSection(ProjectDependencies) = postProject
		{0B3B87B0-6D0B-444D-A8EE-B448373F10A2} = {0B3B87B0-6D0B-444D-A8EE-B448373F10A2}
	EndProjectSection
EndProject
Project("{8BC9CEB8-8B4A-11D0-8D11-00A0C91BC942}") = "dpiSwitcher", "dpiSwitcher\dpiSwitcher.vcxproj", "{D62FB0BB-BC36-4DCB-BD68-BFC17D75D958}"
	ProjectSection(ProjectDependencies) = postProject
		{0B3B87B0-6D0B-444D-A8EE-B448373F10A2} = {0B3B87B0-6D0B-444D-A8EE-B448373F10A2}
	EndProjectSection
EndProject
Global
	GlobalSection(SolutionConfigurationPlatforms) = preSolution
		dpiSwitchDebug|Win32 = dpiSwitchDebug|Win32
		dpiSwitchDebug|x64 = dpiSwitchDebug|x64
		dpiSwitcherDebug|Win32 = dpiSwitcherDebug|Win32
		dpiSwitcherDebug|x64 = dpiSwitcherDebug|x64
		dpiSwitcherRelease|Win32 = dpiSwitcherRelease|Win32
		dpiSwitcherRelease|x64 = dpiSwitcherRelease|x64
		dpiSwitchRelease|Win32 = dpiSwitchRelease|Win32
		dpiSwitchRelease|x64 = dpiSwitchRelease|x64
		Release MinDependency|Win32 = Release MinDependency|Win32
		Release MinDependency|x64 = Release MinDependency|x64
		Release MinSize|Win32 = Release MinSize|Win32
		Release MinSize|x64 = Release MinSize|x64
		Unicode Debug|Win32 = Unicode Debug|Win32
		Unicode Debug|x64 = Unicode Debug|x64
		Unicode Release MinDependency|Win32 = Unicode Release MinDependency|Win32
		Unicode Release MinDependency|x64 = Unicode Release MinDependency|x64
		Unicode Release MinSize|Win32 = Unicode Release MinSize|Win32
		Unicode Release MinSize|x64 = Unicode Release MinSize|x64
	EndGlobalSection
	GlobalSection(ProjectConfigurationPlatforms) = postSolution
		{0B3B87B0-6D0B-444D-A8EE-B448373F10A2}.dpiSwitchDebug|Win32.ActiveCfg = Debug|Win32
		{0B3B87B0-6D0B-444D-A8EE-B448373F10A2}.dpiSwitchDebug|Win32.Build.0 = Debug|Win32
		{0B3B87B0-6D0B-444D-A8EE-B448373F10A2}.dpiSwitchDebug|x64.ActiveCfg = Debug|x64
		{0B3B87B0-6D0B-444D-A8EE-B448373F10A2}.dpiSwitchDebug|x64.Build.0 = Debug|x64
		{0B3B87B0-6D0B-444D-A8EE-B448373F10A2}.dpiSwitcherDebug|Win32.ActiveCfg = DebugLib|Win32
		{0B3B87B0-6D0B-444D-A8EE-B448373F10A2}.dpiSwitcherDebug|Win32.Build.0 = DebugLib|Win32
		{0B3B87B0-6D0B-444D-A8EE-B448373F10A2}.dpiSwitcherDebug|x64.ActiveCfg = Debug|x64
		{0B3B87B0-6D0B-444D-A8EE-B448373F10A2}.dpiSwitcherDebug|x64.Build.0 = Debug|x64
		{0B3B87B0-6D0B-444D-A8EE-B448373F10A2}.dpiSwitcherRelease|Win32.ActiveCfg = ReleaseLib|Win32
		{0B3B87B0-6D0B-444D-A8EE-B448373F10A2}.dpiSwitcherRelease|Win32.Build.0 = ReleaseLib|Win32
		{0B3B87B0-6D0B-444D-A8EE-B448373F10A2}.dpiSwitcherRelease|x64.ActiveCfg = Release|x64
		{0B3B87B0-6D0B-444D-A8EE-B448373F10A2}.dpiSwitcherRelease|x64.Build.0 = Release|x64
		{0B3B87B0-6D0B-444D-A8EE-B448373F10A2}.dpiSwitchRelease|Win32.ActiveCfg = Release|Win32
		{0B3B87B0-6D0B-444D-A8EE-B448373F10A2}.dpiSwitchRelease|Win32.Build.0 = Release|Win32
		{0B3B87B0-6D0B-444D-A8EE-B448373F10A2}.dpiSwitchRelease|x64.ActiveCfg = Release|x64
		{0B3B87B0-6D0B-444D-A8EE-B448373F10A2}.dpiSwitchRelease|x64.Build.0 = Release|x64
		{0B3B87B0-6D0B-444D-A8EE-B448373F10A2}.Release MinDependency|Win32.ActiveCfg = Release|Win32
		{0B3B87B0-6D0B-444D-A8EE-B448373F10A2}.Release MinDependency|Win32.Build.0 = Release|Win32
		{0B3B87B0-6D0B-444D-A8EE-B448373F10A2}.Release MinDependency|x64.ActiveCfg = Release|x64
		{0B3B87B0-6D0B-444D-A8EE-B448373F10A2}.Release MinDependency|x64.Build.0 = Release|x64
		{0B3B87B0-6D0B-444D-A8EE-B448373F10A2}.Release MinSize|Win32.ActiveCfg = Release|Win32
		{0B3B87B0-6D0B-444D-A8EE-B448373F10A2}.Release MinSize|Win32.Build.0 = Release|Win32
		{0B3B87B0-6D0B-444D-A8EE-B448373F10A2}.Release MinSize|x64.ActiveCfg = Release|x64
		{0B3B87B0-6D0B-444D-A8EE-B448373F10A2}.Release MinSize|x64.Build.0 = Release|x64
		{0B3B87B0-6D0B-444D-A8EE-B448373F10A2}.Unicode Debug|Win32.ActiveCfg = Debug|Win32
		{0B3B87B0-6D0B-444D-A8EE-B448373F10A2}.Unicode Debug|Win32.Build.0 = Debug|Win32
		{0B3B87B0-6D0B-444D-A8EE-B448373F10A2}.Unicode Debug|x64.ActiveCfg = Debug|x64
		{0B3B87B0-6D0B-444D-A8EE-B448373F10A2}.Unicode Debug|x64.Build.0 = Debug|x64
		{0B3B87B0-6D0B-444D-A8EE-B448373F10A2}.Unicode Release MinDependency|Win32.ActiveCfg = Release|Win32
		{0B3B87B0-6D0B-444D-A8EE-B448373F10A2}.Unicode Release MinDependency|Win32.Build.0 = Release|Win32
		{0B3B87B0-6D0B-444D-A8EE-B448373F10A2}.Unicode Release MinDependency|x64.ActiveCfg = Release|x64
		{0B3B87B0-6D0B-444D-A8EE-B448373F10A2}.Unicode Release MinDependency|x64.Build.0 = Release|x64
		{0B3B87B0-6D0B-444D-A8EE-B448373F10A2}.Unicode Release MinSize|Win32.ActiveCfg = Release|Win32
		{0B3B87B0-6D0B-444D-A8EE-B448373F10A2}.Unicode Release MinSize|Win32.Build.0 = Release|Win32
		{0B3B87B0-6D0B-444D-A8EE-B448373F10A2}.Unicode Release MinSize|x64.ActiveCfg = Release|x64
		{0B3B87B0-6D0B-444D-A8EE-B448373F10A2}.Unicode Release MinSize|x64.Build.0 = Release|x64
		{ADEA876D-ED69-4359-9C8B-24399967814B}.dpiSwitchDebug|Win32.ActiveCfg = Debug|Win32
		{ADEA876D-ED69-4359-9C8B-24399967814B}.dpiSwitchDebug|Win32.Build.0 = Debug|Win32
		{ADEA876D-ED69-4359-9C8B-24399967814B}.dpiSwitchDebug|x64.ActiveCfg = Debug|x64
		{ADEA876D-ED69-4359-9C8B-24399967814B}.dpiSwitchDebug|x64.Build.0 = Debug|x64
		{ADEA876D-ED69-4359-9C8B-24399967814B}.dpiSwitcherDebug|Win32.ActiveCfg = Debug|Win32
		{ADEA876D-ED69-4359-9C8B-24399967814B}.dpiSwitcherDebug|x64.ActiveCfg = Debug|x64
		{ADEA876D-ED69-4359-9C8B-24399967814B}.dpiSwitcherDebug|x64.Build.0 = Debug|x64
		{ADEA876D-ED69-4359-9C8B-24399967814B}.dpiSwitcherRelease|Win32.ActiveCfg = Release|Win32
		{ADEA876D-ED69-4359-9C8B-24399967814B}.dpiSwitcherRelease|x64.ActiveCfg = Release|x64
		{ADEA876D-ED69-4359-9C8B-24399967814B}.dpiSwitcherRelease|x64.Build.0 = Release|x64
		{ADEA876D-ED69-4359-9C8B-24399967814B}.dpiSwitchRelease|Win32.ActiveCfg = Release|Win32
		{ADEA876D-ED69-4359-9C8B-24399967814B}.dpiSwitchRelease|Win32.Build.0 = Release|Win32
		{ADEA876D-ED69-4359-9C8B-24399967814B}.dpiSwitchRelease|x64.ActiveCfg = Release|x64
		{ADEA876D-ED69-4359-9C8B-24399967814B}.dpiSwitchRelease|x64.Build.0 = Release|x64
		{ADEA876D-ED69-4359-9C8B-24399967814B}.Release MinDependency|Win32.ActiveCfg = Release|Win32
		{ADEA876D-ED69-4359-9C8B-24399967814B}.Release MinDependency|Win32.Build.0 = Release|Win32
		{ADEA876D-ED69-4359-9C8B-24399967814B}.Release MinDependency|x64.ActiveCfg = Release|x64
		{ADEA876D-ED69-4359-9C8B-24399967814B}.Release MinDependency|x64.Build.0 = Release|x64
		{ADEA876D-ED69-4359-9C8B-24399967814B}.Release MinSize|Win32.ActiveCfg = Release|Win32
		{ADEA876D-ED69-4359-9C8B-24399967814B}.Release MinSize|Win32.Build.0 = Release|Win32
		{ADEA876D-ED69-4359-9C8B-24399967814B}.Release MinSize|x64.ActiveCfg = Release|x64
		{ADEA876D-ED69-4359-9C8B-24399967814B}.Release MinSize|x64.Build.0 = Release|x64
		{ADEA876D-ED69-4359-9C8B-24399967814B}.Unicode Debug|Win32.ActiveCfg = Debug|Win32
		{ADEA876D-ED69-4359-9C8B-24399967814B}.Unicode Debug|Win32.Build.0 = Debug|Win32
		{ADEA876D-ED69-4359-9C8B-24399967814B}.Unicode Debug|x64.ActiveCfg = Debug|x64
		{ADEA876D-ED69-4359-9C8B-24399967814B}.Unicode Debug|x64.Build.0 = Debug|x64
		{ADEA876D-ED69-4359-9C8B-24399967814B}.Unicode Release MinDependency|Win32.ActiveCfg = Release|Win32
		{ADEA876D-ED69-4359-9C8B-24399967814B}.Unicode Release MinDependency|Win32.Build.0 = Release|Win32
		{ADEA876D-ED69-4359-9C8B-24399967814B}.Unicode Release MinDependency|x64.ActiveCfg = Release|x64
		{ADEA876D-ED69-4359-9C8B-24399967814B}.Unicode Release MinDependency|x64.Build.0 = Release|x64
		{ADEA876D-ED69-4359-9C8B-24399967814B}.Unicode Release MinSize|Win32.ActiveCfg = Release|Win32
		{ADEA876D-ED69-4359-9C8B-24399967814B}.Unicode Release MinSize|Win32.Build.0 = Release|Win32
		{ADEA876D-ED69-4359-9C8B-24399967814B}.Unicode Release MinSize|x64.ActiveCfg = Release|x64
		{ADEA876D-ED69-4359-9C8B-24399967814B}.Unicode Release MinSize|x64.Build.0 = Release|x64
		{D62FB0BB-BC36-4DCB-BD68-BFC17D75D958}.dpiSwitchDebug|Win32.ActiveCfg = Debug|Win32
		{D62FB0BB-BC36-4DCB-BD68-BFC17D75D958}.dpiSwitchDebug|x64.ActiveCfg = Debug|Win32
		{D62FB0BB-BC36-4DCB-BD68-BFC17D75D958}.dpiSwitcherDebug|Win32.ActiveCfg = Debug|Win32
		{D62FB0BB-BC36-4DCB-BD68-BFC17D75D958}.dpiSwitcherDebug|Win32.Build.0 = Debug|Win32
		{D62FB0BB-BC36-4DCB-BD68-BFC17D75D958}.dpiSwitcherDebug|x64.ActiveCfg = Debug|Win32
		{D62FB0BB-BC36-4DCB-BD68-BFC17D75D958}.dpiSwitcherRelease|Win32.ActiveCfg = Release|Win32
		{D62FB0BB-BC36-4DCB-BD68-BFC17D75D958}.dpiSwitcherRelease|Win32.Build.0 = Release|Win32
		{D62FB0BB-BC36-4DCB-BD68-BFC17D75D958}.dpiSwitcherRelease|x64.ActiveCfg = Release|Win32
		{D62FB0BB-BC36-4DCB-BD68-BFC17D75D958}.dpiSwitchRelease|Win32.ActiveCfg = Release|Win32
		{D62FB0BB-BC36-4DCB-BD68-BFC17D75D958}.dpiSwitchRelease|x64.ActiveCfg = Release|Win32
		{D62FB0BB-BC36-4DCB-BD68-BFC17D75D958}.Release MinDependency|Win32.ActiveCfg = Release|Win32
		{D62FB0BB-BC36-4DCB-BD68-BFC17D75D958}.Release MinDependency|Win32.Build.0 = Release|Win32
		{D62FB0BB-BC36-4DCB-BD68-BFC17D75D958}.Release MinDependency|x64.ActiveCfg = Release|Win32
		{D62FB0BB-BC36-4DCB-BD68-BFC17D75D958}.Release MinSize|Win32.ActiveCfg = Release|Win32
		{D62FB0BB-BC36-4DCB-BD68-BFC17D75D958}.Release MinSize|Win32.Build.0 = Release|Win32
		{D62FB0BB-BC36-4DCB-BD68-BFC17D75D958}.Release MinSize|x64.ActiveCfg = Release|Win32
		{D62FB0BB-BC36-4DCB-BD68-BFC17D75D958}.Unicode Debug|Win32.ActiveCfg = Debug|Win32
		{D62FB0BB-BC36-4DCB-BD68-BFC17D75D958}.Unicode Debug|Win32.Build.0 = Debug|Win32
		{D62FB0BB-BC36-4DCB-BD68-BFC17D75D958}.Unicode Debug|x64.ActiveCfg = Debug|Win32
		{D62FB0BB-BC36-4DCB-BD68-BFC17D75D958}.Unicode Release MinDependency|Win32.ActiveCfg = Release|Win32
		{D62FB0BB-BC36-4DCB-BD68-BFC17D75D958}.Unicode Release MinDependency|Win32.Build.0 = Release|Win32
		{D62FB0BB-BC36-4DCB-BD68-BFC17D75D958}.Unicode Release MinDependency|x64.ActiveCfg = Release|Win32
		{D62FB0BB-BC36-4DCB-BD68-BFC17D75D958}.Unicode Release MinSize|Win32.ActiveCfg = Release|Win32
		{D62FB0BB-BC36-4DCB-BD68-BFC17D75D958}.Unicode Release MinSize|Win32.Build.0 = Release|Win32
		{D62FB0BB-BC36-4DCB-BD68-BFC17D75D958}.Unicode Release MinSize|x64.ActiveCfg = Release|Win32
	EndGlobalSection
	GlobalSection(SolutionProperties) = preSolution
		HideSolutionNode = FALSE
	EndGlobalSection
EndGlobal
